
Microsoft Visual Studio Solution File, Format Version 12.00
# Visual Studio Version 17
VisualStudioVersion = 17.6.33829.357
MinimumVisualStudioVersion = 10.0.40219.1
Project("{FAE04EC0-301F-11D3-BF4B-00C04F79EFBC}") = "InternAppReact", "InternAppReact.csproj", "{80F49131-38EE-4378-911A-DA541B225551}"
EndProject
Global
	GlobalSection(SolutionConfigurationPlatforms) = preSolution
		Debug|Any CPU = Debug|Any CPU
		Release|Any CPU = Release|Any CPU
	EndGlobalSection
	GlobalSection(ProjectConfigurationPlatforms) = postSolution
		{80F49131-38EE-4378-911A-DA541B225551}.Debug|Any CPU.ActiveCfg = Debug|Any CPU
		{80F49131-38EE-4378-911A-DA541B225551}.Debug|Any CPU.Build.0 = Debug|Any CPU
		{80F49131-38EE-4378-911A-DA541B225551}.Release|Any CPU.ActiveCfg = Release|Any CPU
		{80F49131-38EE-4378-911A-DA541B225551}.Release|Any CPU.Build.0 = Release|Any CPU
	EndGlobalSection
	GlobalSection(SolutionProperties) = preSolution
		HideSolutionNode = FALSE
	EndGlobalSection
	GlobalSection(ExtensibilityGlobals) = postSolution
		SolutionGuid = {135A6F4F-C26E-4D1A-98F7-5EBD7C42D59F}
	EndGlobalSection
EndGlobal
